// !$*UTF8*$!
{
	archiveVersion = 1;
	classes = {
	};
	objectVersion = 55;
	objects = {

/* Begin PBXBuildFile section */
		37376C1C2934159100DF0852 /* TableViewCell.swift in Sources */ = {isa = PBXBuildFile; fileRef = 37376C1B2934159100DF0852 /* TableViewCell.swift */; };
		374091D5292F7632000B64FF /* Media.xcassets in Resources */ = {isa = PBXBuildFile; fileRef = 374091D4292F7632000B64FF /* Media.xcassets */; };
		3744777B292B999500803EA4 /* AppDelegate.swift in Sources */ = {isa = PBXBuildFile; fileRef = 3744777A292B999500803EA4 /* AppDelegate.swift */; };
		3744777F292B999500803EA4 /* ViewController.swift in Sources */ = {isa = PBXBuildFile; fileRef = 3744777E292B999500803EA4 /* ViewController.swift */; };
		37447782292B999500803EA4 /* Main.storyboard in Resources */ = {isa = PBXBuildFile; fileRef = 37447780292B999500803EA4 /* Main.storyboard */; };
		37447785292B999500803EA4 /* LaunchScreen.storyboard in Resources */ = {isa = PBXBuildFile; fileRef = 37447783292B999500803EA4 /* LaunchScreen.storyboard */; };
		3765D33D292BBF6300B28B0A /* MovementViewController.swift in Sources */ = {isa = PBXBuildFile; fileRef = 3765D33C292BBF6300B28B0A /* MovementViewController.swift */; };
		377458522948BA8B00156154 /* Coordinator.swift in Sources */ = {isa = PBXBuildFile; fileRef = 377458512948BA8B00156154 /* Coordinator.swift */; };
		377458592948DA1000156154 /* SecondCoordinator.swift in Sources */ = {isa = PBXBuildFile; fileRef = 377458582948DA1000156154 /* SecondCoordinator.swift */; };
		3795230A2949BF9C000091CB /* LoginCoordinator.swift in Sources */ = {isa = PBXBuildFile; fileRef = 379523092949BF9C000091CB /* LoginCoordinator.swift */; };
		37AB8670293600C200430E40 /* CardsCollectionViewCell.swift in Sources */ = {isa = PBXBuildFile; fileRef = 37AB866E293600C200430E40 /* CardsCollectionViewCell.swift */; };
		37AB8671293600C200430E40 /* CardsCollectionViewCell.xib in Resources */ = {isa = PBXBuildFile; fileRef = 37AB866F293600C200430E40 /* CardsCollectionViewCell.xib */; };
		37D5CDDA2931122C0069F5E2 /* esercizio.json in Resources */ = {isa = PBXBuildFile; fileRef = 37D5CDD92931122C0069F5E2 /* esercizio.json */; };
		37E6BDB6292D13C40070183E /* Models.swift in Sources */ = {isa = PBXBuildFile; fileRef = 37E6BDB5292D13C40070183E /* Models.swift */; };
		37FE01BB2938CE51002DB312 /* AddMovementTableViewCell.swift in Sources */ = {isa = PBXBuildFile; fileRef = 37FE01B92938CE51002DB312 /* AddMovementTableViewCell.swift */; };
		37FE01BC2938CE51002DB312 /* AddMovementTableViewCell.xib in Resources */ = {isa = PBXBuildFile; fileRef = 37FE01BA2938CE51002DB312 /* AddMovementTableViewCell.xib */; };
		37FE01BE2938CED1002DB312 /* AddMovementViewController.swift in Sources */ = {isa = PBXBuildFile; fileRef = 37FE01BD2938CED1002DB312 /* AddMovementViewController.swift */; };
/* End PBXBuildFile section */

/* Begin PBXFileReference section */
		37376C1B2934159100DF0852 /* TableViewCell.swift */ = {isa = PBXFileReference; lastKnownFileType = sourcecode.swift; path = TableViewCell.swift; sourceTree = "<group>"; };
		374091D4292F7632000B64FF /* Media.xcassets */ = {isa = PBXFileReference; lastKnownFileType = folder.assetcatalog; path = Media.xcassets; sourceTree = "<group>"; };
		37447777292B999500803EA4 /* Isp.app */ = {isa = PBXFileReference; explicitFileType = wrapper.application; includeInIndex = 0; path = Isp.app; sourceTree = BUILT_PRODUCTS_DIR; };
		3744777A292B999500803EA4 /* AppDelegate.swift */ = {isa = PBXFileReference; lastKnownFileType = sourcecode.swift; path = AppDelegate.swift; sourceTree = "<group>"; };
		3744777E292B999500803EA4 /* ViewController.swift */ = {isa = PBXFileReference; lastKnownFileType = sourcecode.swift; path = ViewController.swift; sourceTree = "<group>"; };
		37447781292B999500803EA4 /* Base */ = {isa = PBXFileReference; lastKnownFileType = file.storyboard; name = Base; path = Base.lproj/Main.storyboard; sourceTree = "<group>"; };
		37447784292B999500803EA4 /* Base */ = {isa = PBXFileReference; lastKnownFileType = file.storyboard; name = Base; path = Base.lproj/LaunchScreen.storyboard; sourceTree = "<group>"; };
		37447786292B999500803EA4 /* Info.plist */ = {isa = PBXFileReference; lastKnownFileType = text.plist.xml; path = Info.plist; sourceTree = "<group>"; };
		3765D33C292BBF6300B28B0A /* MovementViewController.swift */ = {isa = PBXFileReference; lastKnownFileType = sourcecode.swift; path = MovementViewController.swift; sourceTree = "<group>"; };
		377458512948BA8B00156154 /* Coordinator.swift */ = {isa = PBXFileReference; lastKnownFileType = sourcecode.swift; path = Coordinator.swift; sourceTree = "<group>"; };
		377458582948DA1000156154 /* SecondCoordinator.swift */ = {isa = PBXFileReference; lastKnownFileType = sourcecode.swift; path = SecondCoordinator.swift; sourceTree = "<group>"; };
		379523092949BF9C000091CB /* LoginCoordinator.swift */ = {isa = PBXFileReference; lastKnownFileType = sourcecode.swift; path = LoginCoordinator.swift; sourceTree = "<group>"; };
		37AB866E293600C200430E40 /* CardsCollectionViewCell.swift */ = {isa = PBXFileReference; lastKnownFileType = sourcecode.swift; path = CardsCollectionViewCell.swift; sourceTree = "<group>"; };
		37AB866F293600C200430E40 /* CardsCollectionViewCell.xib */ = {isa = PBXFileReference; lastKnownFileType = file.xib; path = CardsCollectionViewCell.xib; sourceTree = "<group>"; };
		37D5CDD92931122C0069F5E2 /* esercizio.json */ = {isa = PBXFileReference; fileEncoding = 4; lastKnownFileType = text.json; name = esercizio.json; path = ../../../../Downloads/esercizio.json; sourceTree = "<group>"; };
		37E6BDB5292D13C40070183E /* Models.swift */ = {isa = PBXFileReference; lastKnownFileType = sourcecode.swift; path = Models.swift; sourceTree = "<group>"; };
		37FE01B92938CE51002DB312 /* AddMovementTableViewCell.swift */ = {isa = PBXFileReference; lastKnownFileType = sourcecode.swift; path = AddMovementTableViewCell.swift; sourceTree = "<group>"; };
		37FE01BA2938CE51002DB312 /* AddMovementTableViewCell.xib */ = {isa = PBXFileReference; lastKnownFileType = file.xib; path = AddMovementTableViewCell.xib; sourceTree = "<group>"; };
		37FE01BD2938CED1002DB312 /* AddMovementViewController.swift */ = {isa = PBXFileReference; lastKnownFileType = sourcecode.swift; path = AddMovementViewController.swift; sourceTree = "<group>"; };
/* End PBXFileReference section */

/* Begin PBXFrameworksBuildPhase section */
		37447774292B999500803EA4 /* Frameworks */ = {
			isa = PBXFrameworksBuildPhase;
			buildActionMask = 2147483647;
			files = (
			);
			runOnlyForDeploymentPostprocessing = 0;
		};
/* End PBXFrameworksBuildPhase section */

/* Begin PBXGroup section */
		3744776E292B999500803EA4 = {
			isa = PBXGroup;
			children = (
				37447779292B999500803EA4 /* Isp */,
				37447778292B999500803EA4 /* Products */,
			);
			sourceTree = "<group>";
		};
		37447778292B999500803EA4 /* Products */ = {
			isa = PBXGroup;
			children = (
				37447777292B999500803EA4 /* Isp.app */,
			);
			name = Products;
			sourceTree = "<group>";
		};
		37447779292B999500803EA4 /* Isp */ = {
			isa = PBXGroup;
			children = (
				37A5F7932933EF5000440B60 /* Scene */,
				3744777A292B999500803EA4 /* AppDelegate.swift */,
				37447780292B999500803EA4 /* Main.storyboard */,
				37E6BDB5292D13C40070183E /* Models.swift */,
				37447783292B999500803EA4 /* LaunchScreen.storyboard */,
				37447786292B999500803EA4 /* Info.plist */,
				374091D4292F7632000B64FF /* Media.xcassets */,
				37D5CDD92931122C0069F5E2 /* esercizio.json */,
			);
			path = Isp;
			sourceTree = "<group>";
		};
		377458532948C26400156154 /* Coordinators */ = {
			isa = PBXGroup;
			children = (
				377458512948BA8B00156154 /* Coordinator.swift */,
				379523092949BF9C000091CB /* LoginCoordinator.swift */,
				377458582948DA1000156154 /* SecondCoordinator.swift */,
			);
			path = Coordinators;
			sourceTree = "<group>";
		};
		37A5F7932933EF5000440B60 /* Scene */ = {
			isa = PBXGroup;
			children = (
				377458532948C26400156154 /* Coordinators */,
				37FE01C82938DF52002DB312 /* CollectionView */,
				37FE01BF2938D371002DB312 /* TableViewCell */,
				37FE01BD2938CED1002DB312 /* AddMovementViewController.swift */,
				3744777E292B999500803EA4 /* ViewController.swift */,
				3765D33C292BBF6300B28B0A /* MovementViewController.swift */,
			);
			path = Scene;
			sourceTree = "<group>";
		};
		37FE01BF2938D371002DB312 /* TableViewCell */ = {
			isa = PBXGroup;
			children = (
				37FE01B92938CE51002DB312 /* AddMovementTableViewCell.swift */,
				37FE01BA2938CE51002DB312 /* AddMovementTableViewCell.xib */,
				37376C1B2934159100DF0852 /* TableViewCell.swift */,
			);
			path = TableViewCell;
			sourceTree = "<group>";
		};
		37FE01C82938DF52002DB312 /* CollectionView */ = {
			isa = PBXGroup;
			children = (
				37AB866E293600C200430E40 /* CardsCollectionViewCell.swift */,
				37AB866F293600C200430E40 /* CardsCollectionViewCell.xib */,
			);
			path = CollectionView;
			sourceTree = "<group>";
		};
/* End PBXGroup section */

/* Begin PBXNativeTarget section */
		37447776292B999500803EA4 /* Isp */ = {
			isa = PBXNativeTarget;
			buildConfigurationList = 37447789292B999500803EA4 /* Build configuration list for PBXNativeTarget "Isp" */;
			buildPhases = (
				37447773292B999500803EA4 /* Sources */,
				37447774292B999500803EA4 /* Frameworks */,
				37447775292B999500803EA4 /* Resources */,
			);
			buildRules = (
			);
			dependencies = (
			);
			name = Isp;
			productName = Isp;
			productReference = 37447777292B999500803EA4 /* Isp.app */;
			productType = "com.apple.product-type.application";
		};
/* End PBXNativeTarget section */

/* Begin PBXProject section */
		3744776F292B999500803EA4 /* Project object */ = {
			isa = PBXProject;
			attributes = {
				BuildIndependentTargetsInParallel = 1;
				LastSwiftUpdateCheck = 1340;
				LastUpgradeCheck = 1340;
				TargetAttributes = {
					37447776292B999500803EA4 = {
						CreatedOnToolsVersion = 13.4.1;
					};
				};
			};
			buildConfigurationList = 37447772292B999500803EA4 /* Build configuration list for PBXProject "Isp" */;
			compatibilityVersion = "Xcode 13.0";
			developmentRegion = en;
			hasScannedForEncodings = 0;
			knownRegions = (
				en,
				Base,
			);
			mainGroup = 3744776E292B999500803EA4;
			productRefGroup = 37447778292B999500803EA4 /* Products */;
			projectDirPath = "";
			projectRoot = "";
			targets = (
				37447776292B999500803EA4 /* Isp */,
			);
		};
/* End PBXProject section */

/* Begin PBXResourcesBuildPhase section */
		37447775292B999500803EA4 /* Resources */ = {
			isa = PBXResourcesBuildPhase;
			buildActionMask = 2147483647;
			files = (
				37447782292B999500803EA4 /* Main.storyboard in Resources */,
				37AB8671293600C200430E40 /* CardsCollectionViewCell.xib in Resources */,
				374091D5292F7632000B64FF /* Media.xcassets in Resources */,
				37D5CDDA2931122C0069F5E2 /* esercizio.json in Resources */,
				37FE01BC2938CE51002DB312 /* AddMovementTableViewCell.xib in Resources */,
				37447785292B999500803EA4 /* LaunchScreen.storyboard in Resources */,
			);
			runOnlyForDeploymentPostprocessing = 0;
		};
/* End PBXResourcesBuildPhase section */

/* Begin PBXSourcesBuildPhase section */
		37447773292B999500803EA4 /* Sources */ = {
			isa = PBXSourcesBuildPhase;
			buildActionMask = 2147483647;
			files = (
				3765D33D292BBF6300B28B0A /* MovementViewController.swift in Sources */,
				37FE01BE2938CED1002DB312 /* AddMovementViewController.swift in Sources */,
				377458592948DA1000156154 /* SecondCoordinator.swift in Sources */,
				377458522948BA8B00156154 /* Coordinator.swift in Sources */,
				3795230A2949BF9C000091CB /* LoginCoordinator.swift in Sources */,
				37376C1C2934159100DF0852 /* TableViewCell.swift in Sources */,
				37E6BDB6292D13C40070183E /* Models.swift in Sources */,
				3744777F292B999500803EA4 /* ViewController.swift in Sources */,
				3744777B292B999500803EA4 /* AppDelegate.swift in Sources */,
				37FE01BB2938CE51002DB312 /* AddMovementTableViewCell.swift in Sources */,
				37AB8670293600C200430E40 /* CardsCollectionViewCell.swift in Sources */,
			);
			runOnlyForDeploymentPostprocessing = 0;
		};
/* End PBXSourcesBuildPhase section */

/* Begin PBXVariantGroup section */
		37447780292B999500803EA4 /* Main.storyboard */ = {
			isa = PBXVariantGroup;
			children = (
				37447781292B999500803EA4 /* Base */,
			);
			name = Main.storyboard;
			sourceTree = "<group>";
		};
		37447783292B999500803EA4 /* LaunchScreen.storyboard */ = {
			isa = PBXVariantGroup;
			children = (
				37447784292B999500803EA4 /* Base */,
			);
			name = LaunchScreen.storyboard;
			sourceTree = "<group>";
		};
/* End PBXVariantGroup section */

/* Begin XCBuildConfiguration section */
		37447787292B999500803EA4 /* Debug */ = {
			isa = XCBuildConfiguration;
			buildSettings = {
				ALWAYS_SEARCH_USER_PATHS = NO;
				CLANG_ANALYZER_NONNULL = YES;
				CLANG_ANALYZER_NUMBER_OBJECT_CONVERSION = YES_AGGRESSIVE;
				CLANG_CXX_LANGUAGE_STANDARD = "gnu++17";
				CLANG_ENABLE_MODULES = YES;
				CLANG_ENABLE_OBJC_ARC = YES;
				CLANG_ENABLE_OBJC_WEAK = YES;
				CLANG_WARN_BLOCK_CAPTURE_AUTORELEASING = YES;
				CLANG_WARN_BOOL_CONVERSION = YES;
				CLANG_WARN_COMMA = YES;
				CLANG_WARN_CONSTANT_CONVERSION = YES;
				CLANG_WARN_DEPRECATED_OBJC_IMPLEMENTATIONS = YES;
				CLANG_WARN_DIRECT_OBJC_ISA_USAGE = YES_ERROR;
				CLANG_WARN_DOCUMENTATION_COMMENTS = YES;
				CLANG_WARN_EMPTY_BODY = YES;
				CLANG_WARN_ENUM_CONVERSION = YES;
				CLANG_WARN_INFINITE_RECURSION = YES;
				CLANG_WARN_INT_CONVERSION = YES;
				CLANG_WARN_NON_LITERAL_NULL_CONVERSION = YES;
				CLANG_WARN_OBJC_IMPLICIT_RETAIN_SELF = YES;
				CLANG_WARN_OBJC_LITERAL_CONVERSION = YES;
				CLANG_WARN_OBJC_ROOT_CLASS = YES_ERROR;
				CLANG_WARN_QUOTED_INCLUDE_IN_FRAMEWORK_HEADER = YES;
				CLANG_WARN_RANGE_LOOP_ANALYSIS = YES;
				CLANG_WARN_STRICT_PROTOTYPES = YES;
				CLANG_WARN_SUSPICIOUS_MOVE = YES;
				CLANG_WARN_UNGUARDED_AVAILABILITY = YES_AGGRESSIVE;
				CLANG_WARN_UNREACHABLE_CODE = YES;
				CLANG_WARN__DUPLICATE_METHOD_MATCH = YES;
				COPY_PHASE_STRIP = NO;
				DEBUG_INFORMATION_FORMAT = dwarf;
				ENABLE_STRICT_OBJC_MSGSEND = YES;
				ENABLE_TESTABILITY = YES;
				GCC_C_LANGUAGE_STANDARD = gnu11;
				GCC_DYNAMIC_NO_PIC = NO;
				GCC_NO_COMMON_BLOCKS = YES;
				GCC_OPTIMIZATION_LEVEL = 0;
				GCC_PREPROCESSOR_DEFINITIONS = (
					"DEBUG=1",
					"$(inherited)",
				);
				GCC_WARN_64_TO_32_BIT_CONVERSION = YES;
				GCC_WARN_ABOUT_RETURN_TYPE = YES_ERROR;
				GCC_WARN_UNDECLARED_SELECTOR = YES;
				GCC_WARN_UNINITIALIZED_AUTOS = YES_AGGRESSIVE;
				GCC_WARN_UNUSED_FUNCTION = YES;
				GCC_WARN_UNUSED_VARIABLE = YES;
				IPHONEOS_DEPLOYMENT_TARGET = 15.5;
				MTL_ENABLE_DEBUG_INFO = INCLUDE_SOURCE;
				MTL_FAST_MATH = YES;
				ONLY_ACTIVE_ARCH = YES;
				SDKROOT = iphoneos;
				SWIFT_ACTIVE_COMPILATION_CONDITIONS = DEBUG;
				SWIFT_OPTIMIZATION_LEVEL = "-Onone";
			};
			name = Debug;
		};
		37447788292B999500803EA4 /* Release */ = {
			isa = XCBuildConfiguration;
			buildSettings = {
				ALWAYS_SEARCH_USER_PATHS = NO;
				CLANG_ANALYZER_NONNULL = YES;
				CLANG_ANALYZER_NUMBER_OBJECT_CONVERSION = YES_AGGRESSIVE;
				CLANG_CXX_LANGUAGE_STANDARD = "gnu++17";
				CLANG_ENABLE_MODULES = YES;
				CLANG_ENABLE_OBJC_ARC = YES;
				CLANG_ENABLE_OBJC_WEAK = YES;
				CLANG_WARN_BLOCK_CAPTURE_AUTORELEASING = YES;
				CLANG_WARN_BOOL_CONVERSION = YES;
				CLANG_WARN_COMMA = YES;
				CLANG_WARN_CONSTANT_CONVERSION = YES;
				CLANG_WARN_DEPRECATED_OBJC_IMPLEMENTATIONS = YES;
				CLANG_WARN_DIRECT_OBJC_ISA_USAGE = YES_ERROR;
				CLANG_WARN_DOCUMENTATION_COMMENTS = YES;
				CLANG_WARN_EMPTY_BODY = YES;
				CLANG_WARN_ENUM_CONVERSION = YES;
				CLANG_WARN_INFINITE_RECURSION = YES;
				CLANG_WARN_INT_CONVERSION = YES;
				CLANG_WARN_NON_LITERAL_NULL_CONVERSION = YES;
				CLANG_WARN_OBJC_IMPLICIT_RETAIN_SELF = YES;
				CLANG_WARN_OBJC_LITERAL_CONVERSION = YES;
				CLANG_WARN_OBJC_ROOT_CLASS = YES_ERROR;
				CLANG_WARN_QUOTED_INCLUDE_IN_FRAMEWORK_HEADER = YES;
				CLANG_WARN_RANGE_LOOP_ANALYSIS = YES;
				CLANG_WARN_STRICT_PROTOTYPES = YES;
				CLANG_WARN_SUSPICIOUS_MOVE = YES;
				CLANG_WARN_UNGUARDED_AVAILABILITY = YES_AGGRESSIVE;
				CLANG_WARN_UNREACHABLE_CODE = YES;
				CLANG_WARN__DUPLICATE_METHOD_MATCH = YES;
				COPY_PHASE_STRIP = NO;
				DEBUG_INFORMATION_FORMAT = "dwarf-with-dsym";
				ENABLE_NS_ASSERTIONS = NO;
				ENABLE_STRICT_OBJC_MSGSEND = YES;
				GCC_C_LANGUAGE_STANDARD = gnu11;
				GCC_NO_COMMON_BLOCKS = YES;
				GCC_WARN_64_TO_32_BIT_CONVERSION = YES;
				GCC_WARN_ABOUT_RETURN_TYPE = YES_ERROR;
				GCC_WARN_UNDECLARED_SELECTOR = YES;
				GCC_WARN_UNINITIALIZED_AUTOS = YES_AGGRESSIVE;
				GCC_WARN_UNUSED_FUNCTION = YES;
				GCC_WARN_UNUSED_VARIABLE = YES;
				IPHONEOS_DEPLOYMENT_TARGET = 15.5;
				MTL_ENABLE_DEBUG_INFO = NO;
				MTL_FAST_MATH = YES;
				SDKROOT = iphoneos;
				SWIFT_COMPILATION_MODE = wholemodule;
				SWIFT_OPTIMIZATION_LEVEL = "-O";
				VALIDATE_PRODUCT = YES;
			};
			name = Release;
		};
		3744778A292B999500803EA4 /* Debug */ = {
			isa = XCBuildConfiguration;
			buildSettings = {
				ASSETCATALOG_COMPILER_APPICON_NAME = AppIcon;
				ASSETCATALOG_COMPILER_GLOBAL_ACCENT_COLOR_NAME = AccentColor;
				CODE_SIGN_STYLE = Automatic;
				CURRENT_PROJECT_VERSION = 1;
				DEVELOPMENT_TEAM = 9M68R8YR8L;
				GENERATE_INFOPLIST_FILE = YES;
				INFOPLIST_FILE = Isp/Info.plist;
				INFOPLIST_KEY_UIApplicationSupportsIndirectInputEvents = YES;
				INFOPLIST_KEY_UILaunchStoryboardName = LaunchScreen;
				INFOPLIST_KEY_UIMainStoryboardFile = Main;
				INFOPLIST_KEY_UISupportedInterfaceOrientations = UIInterfaceOrientationPortrait;
				INFOPLIST_KEY_UISupportedInterfaceOrientations_iPad = "UIInterfaceOrientationPortrait UIInterfaceOrientationPortraitUpsideDown UIInterfaceOrientationLandscapeLeft UIInterfaceOrientationLandscapeRight";
				INFOPLIST_KEY_UISupportedInterfaceOrientations_iPhone = "UIInterfaceOrientationPortrait UIInterfaceOrientationLandscapeLeft UIInterfaceOrientationLandscapeRight";
				IPHONEOS_DEPLOYMENT_TARGET = 13.0;
				LD_RUNPATH_SEARCH_PATHS = (
					"$(inherited)",
					"@executable_path/Frameworks",
				);
				MARKETING_VERSION = 1.0;
				PRODUCT_BUNDLE_IDENTIFIER = Reply.Isp;
				PRODUCT_NAME = "$(TARGET_NAME)";
				SWIFT_EMIT_LOC_STRINGS = YES;
				SWIFT_VERSION = 5.0;
				TARGETED_DEVICE_FAMILY = "1,2";
			};
			name = Debug;
		};
		3744778B292B999500803EA4 /* Release */ = {
			isa = XCBuildConfiguration;
			buildSettings = {
				ASSETCATALOG_COMPILER_APPICON_NAME = AppIcon;
				ASSETCATALOG_COMPILER_GLOBAL_ACCENT_COLOR_NAME = AccentColor;
				CODE_SIGN_STYLE = Automatic;
				CURRENT_PROJECT_VERSION = 1;
				DEVELOPMENT_TEAM = 9M68R8YR8L;
				GENERATE_INFOPLIST_FILE = YES;
				INFOPLIST_FILE = Isp/Info.plist;
				INFOPLIST_KEY_UIApplicationSupportsIndirectInputEvents = YES;
				INFOPLIST_KEY_UILaunchStoryboardName = LaunchScreen;
				INFOPLIST_KEY_UIMainStoryboardFile = Main;
				INFOPLIST_KEY_UISupportedInterfaceOrientations = UIInterfaceOrientationPortrait;
				INFOPLIST_KEY_UISupportedInterfaceOrientations_iPad = "UIInterfaceOrientationPortrait UIInterfaceOrientationPortraitUpsideDown UIInterfaceOrientationLandscapeLeft UIInterfaceOrientationLandscapeRight";
				INFOPLIST_KEY_UISupportedInterfaceOrientations_iPhone = "UIInterfaceOrientationPortrait UIInterfaceOrientationLandscapeLeft UIInterfaceOrientationLandscapeRight";
				IPHONEOS_DEPLOYMENT_TARGET = 13.0;
				LD_RUNPATH_SEARCH_PATHS = (
					"$(inherited)",
					"@executable_path/Frameworks",
				);
				MARKETING_VERSION = 1.0;
				PRODUCT_BUNDLE_IDENTIFIER = Reply.Isp;
				PRODUCT_NAME = "$(TARGET_NAME)";
				SWIFT_EMIT_LOC_STRINGS = YES;
				SWIFT_VERSION = 5.0;
				TARGETED_DEVICE_FAMILY = "1,2";
			};
			name = Release;
		};
/* End XCBuildConfiguration section */

/* Begin XCConfigurationList section */
		37447772292B999500803EA4 /* Build configuration list for PBXProject "Isp" */ = {
			isa = XCConfigurationList;
			buildConfigurations = (
				37447787292B999500803EA4 /* Debug */,
				37447788292B999500803EA4 /* Release */,
			);
			defaultConfigurationIsVisible = 0;
			defaultConfigurationName = Release;
		};
		37447789292B999500803EA4 /* Build configuration list for PBXNativeTarget "Isp" */ = {
			isa = XCConfigurationList;
			buildConfigurations = (
				3744778A292B999500803EA4 /* Debug */,
				3744778B292B999500803EA4 /* Release */,
			);
			defaultConfigurationIsVisible = 0;
			defaultConfigurationName = Release;
		};
/* End XCConfigurationList section */
	};
	rootObject = 3744776F292B999500803EA4 /* Project object */;
}
